# THIS IS AN AUTOGENERATED FILE. DO NOT EDIT THIS FILE DIRECTLY.
# yarn lockfile v1


"@types/chroma-js@^2.0.0":
  "integrity" "sha512-1xGPhoSGY1CPmXLCBcjVZSQinFjL26vlR8ZqprsBWiFyED4JacJJ9zHhh5aaUXqbY9B37mKQ73nlydVAXmr1+g=="
  "resolved" "https://registry.npmjs.org/@types/chroma-js/-/chroma-js-2.1.3.tgz"
  "version" "2.1.3"

"@types/node@^16.6.0":
  "integrity" "sha512-OyiZPohMMjZEYqcVo/UJ04GyAxXOJEZO/FpzyXxcH4r/ArrVoXHf4MbUrkLp0Tz7/p1mMKpo5zJ6ZHl8XBNthQ=="
  "resolved" "https://registry.npmjs.org/@types/node/-/node-16.6.0.tgz"
  "version" "16.6.0"

"arg@^4.1.0":
  "integrity" "sha512-58S9QDqG0Xx27YwPSt9fJxivjYl432YCwfDMfZ+71RAqUrZef7LrKQZ3LHLOwCS4FLNBplP533Zx895SeOCHvA=="
  "resolved" "https://registry.npmjs.org/arg/-/arg-4.1.3.tgz"
  "version" "4.1.3"

"buffer-from@^1.0.0":
  "integrity" "sha512-MQcXEUbCKtEo7bhqEs6560Hyd4XaovZlO/k9V3hjVUF/zwW7KBVdSK4gIt/bzwS9MbR5qob+F5jusZsb0YQK2A=="
  "resolved" "https://registry.npmjs.org/buffer-from/-/buffer-from-1.1.1.tgz"
  "version" "1.1.1"

"chroma-js@^2.1.0":
  "integrity" "sha512-ri/ouYDWuxfus3UcaMxC1Tfp3IE9K5iQzxc2hSxbBRVNQFut1UuGAsZmiAf2mOUubzGJwgMSv9lHg+XqLaz1QQ=="
  "resolved" "https://registry.npmjs.org/chroma-js/-/chroma-js-2.1.2.tgz"
  "version" "2.1.2"
  dependencies:
    "cross-env" "^6.0.3"

"cross-env@^6.0.3":
  "integrity" "sha512-+KqxF6LCvfhWvADcDPqo64yVIB31gv/jQulX2NGzKS/g3GEVz6/pt4wjHFtFWsHMddebWD/sDthJemzM4MaAag=="
  "resolved" "https://registry.npmjs.org/cross-env/-/cross-env-6.0.3.tgz"
  "version" "6.0.3"
  dependencies:
    "cross-spawn" "^7.0.0"

"cross-spawn@^7.0.0":
  "integrity" "sha512-iRDPJKUPVEND7dHPO8rkbOnPpyDygcDFtWjpeWNCgy8WP2rXcxXL8TskReQl6OrB2G7+UJrags1q15Fudc7G6w=="
  "resolved" "https://registry.npmjs.org/cross-spawn/-/cross-spawn-7.0.3.tgz"
  "version" "7.0.3"
  dependencies:
    "path-key" "^3.1.0"
    "shebang-command" "^2.0.0"
    "which" "^2.0.1"

"diff@^4.0.1":
  "integrity" "sha512-58lmxKSA4BNyLz+HHMUzlOEpg09FV+ev6ZMe3vJihgdxzgcwZ8VoEEPmALCZG9LmqfVoNMMKpttIYTVG6uDY7A=="
  "resolved" "https://registry.npmjs.org/diff/-/diff-4.0.2.tgz"
  "version" "4.0.2"

"isexe@^2.0.0":
  "integrity" "sha1-6PvzdNxVb/iUehDcsFctYz8s+hA=sha512-RHxMLp9lnKHGHRng9QFhRCMbYAcVpn69smSGcq3f36xjgVVWThj4qqLbTLlq7Ssj8B+fIQ1EuCEGI2lKsyQeIw== sha512-RHxMLp9lnKHGHRng9QFhRCMbYAcVpn69smSGcq3f36xjgVVWThj4qqLbTLlq7Ssj8B+fIQ1EuCEGI2lKsyQeIw=="
  "resolved" "https://registry.npmjs.org/isexe/-/isexe-2.0.0.tgz"
  "version" "2.0.0"

"make-error@^1.1.1":
  "integrity" "sha512-s8UhlNe7vPKomQhC1qFelMokr/Sc3AgNbso3n74mVPA5LTZwkB9NlXf4XPamLxJE8h0gh73rM94xvwRT2CVInw=="
  "resolved" "https://registry.npmjs.org/make-error/-/make-error-1.3.6.tgz"
  "version" "1.3.6"

"nonenumerable@^1.1.1":
  "integrity" "sha512-ptUD9w9D8WqW6fuJJkZNCImkf+0vdbgUTbRK3i7jsy3olqtH96hYE6Q/S3Tx9NWbcB/ocAjYshXCAUP0lZ9B4Q=="
  "resolved" "https://registry.npmjs.org/nonenumerable/-/nonenumerable-1.1.1.tgz"
  "version" "1.1.1"

"nora-theme@^1.0.3":
  "integrity" "sha512-nNtb3YFQ97qYaV3KoLdFhJWK4y3Wj+o8rt+ZmL3xMuv8ZbH6QOsrxIorlY7dWKX/arnnSG6WX0w3XH9aYoVC9g=="
  "resolved" "https://registry.npmjs.org/nora-theme/-/nora-theme-1.0.3.tgz"
  "version" "1.0.3"
  dependencies:
    "@types/chroma-js" "^2.0.0"
    "chroma-js" "^2.1.0"
    "nonenumerable" "^1.1.1"

"path-key@^3.1.0":
  "integrity" "sha512-ojmeN0qd+y0jszEtoY48r0Peq5dwMEkIlCOu6Q5f41lfkswXuKtYrhgoTpLnyIcHm24Uhqx+5Tqm2InSwLhE6Q=="
  "resolved" "https://registry.npmjs.org/path-key/-/path-key-3.1.1.tgz"
  "version" "3.1.1"

"shebang-command@^2.0.0":
  "integrity" "sha512-kHxr2zZpYtdmrN1qDjrrX/Z1rR1kG8Dx+gkpK1G4eXmvXswmcE1hTWBWYUzlraYw1/yZp6YuDY77YtvbN0dmDA=="
  "resolved" "https://registry.npmjs.org/shebang-command/-/shebang-command-2.0.0.tgz"
  "version" "2.0.0"
  dependencies:
    "shebang-regex" "^3.0.0"

"shebang-regex@^3.0.0":
  "integrity" "sha512-7++dFhtcx3353uBaq8DDR4NuxBetBzC7ZQOhmTQInHEd6bSrXdiEyzCvG07Z44UYdLShWUyXt5M/yhz8ekcb1A=="
  "resolved" "https://registry.npmjs.org/shebang-regex/-/shebang-regex-3.0.0.tgz"
  "version" "3.0.0"

"source-map-support@^0.5.17":
  "integrity" "sha512-Wonm7zOCIJzBGQdB+thsPar0kYuCIzYvxZwlBa87yi/Mdjv7Tip2cyVbLj5o0cFPN4EVkuTwb3GDDyUx2DGnGw=="
  "resolved" "https://registry.npmjs.org/source-map-support/-/source-map-support-0.5.19.tgz"
  "version" "0.5.19"
  dependencies:
    "buffer-from" "^1.0.0"
    "source-map" "^0.6.0"

"source-map@^0.6.0":
  "integrity" "sha512-UjgapumWlbMhkBgzT7Ykc5YXUT46F0iKu8SGXq0bcwP5dz/h0Plj6enJqjz1Zbq2l5WaqYnrVbwWOWMyF3F47g=="
  "resolved" "https://registry.npmjs.org/source-map/-/source-map-0.6.1.tgz"
  "version" "0.6.1"

"ts-node@^8.10.2":
  "integrity" "sha512-ISJJGgkIpDdBhWVu3jufsWpK3Rzo7bdiIXJjQc0ynKxVOVcg2oIrf2H2cejminGrptVc6q6/uynAHNCuWGbpVA=="
  "resolved" "https://registry.npmjs.org/ts-node/-/ts-node-8.10.2.tgz"
  "version" "8.10.2"
  dependencies:
    "arg" "^4.1.0"
    "diff" "^4.0.1"
    "make-error" "^1.1.1"
    "source-map-support" "^0.5.17"
    "yn" "3.1.1"

"typescript@^3.9.3", "typescript@>=2.7":
  "integrity" "sha512-hSAifV3k+i6lEoCJ2k6R2Z/rp/H3+8sdmcn5NrS3/3kE7+RyZXm9aqvxWqjEXHAd8b0pShatpcdMTvEdvAJltQ=="
  "resolved" "https://registry.npmjs.org/typescript/-/typescript-3.9.5.tgz"
  "version" "3.9.5"

"which@^2.0.1":
  "integrity" "sha512-BLI3Tl1TW3Pvl70l3yq3Y64i+awpwXqsGBYWkkqMtnbXgrMD+yj7rhW0kuEDxzJaYXGjEW5ogapKNMEKNMjibA=="
  "resolved" "https://registry.npmjs.org/which/-/which-2.0.2.tgz"
  "version" "2.0.2"
  dependencies:
    "isexe" "^2.0.0"

"yn@3.1.1":
  "integrity" "sha512-Ux4ygGWsu2c7isFWe8Yu1YluJmqVhxqK2cLXNQA5AcC3QfbGNpM7fu0Y8b/z16pXLnFxZYvWhd3fhBY9DLmC6Q=="
  "resolved" "https://registry.npmjs.org/yn/-/yn-3.1.1.tgz"
  "version" "3.1.1"
